// !$*UTF8*$!
{
	archiveVersion = 1;
	classes = {
	};
	objectVersion = 46;
	objects = {

/* Begin PBXBuildFile section */
		2220F25D1D002A2D0051B72A /* ItemDetailViewController.swift in Sources */ = {isa = PBXBuildFile; fileRef = 2220F25C1D002A2D0051B72A /* ItemDetailViewController.swift */; };
		2259E4DD1D08052100904880 /* ListDetailViewController.swift in Sources */ = {isa = PBXBuildFile; fileRef = 2259E4DC1D08052100904880 /* ListDetailViewController.swift */; };
		225F70411D0F02E900EA660D /* IconPickerViewController.swift in Sources */ = {isa = PBXBuildFile; fileRef = 225F70401D0F02E900EA660D /* IconPickerViewController.swift */; };
		22690C8C1D0AFA1000917BD2 /* DataModel.swift in Sources */ = {isa = PBXBuildFile; fileRef = 22690C8B1D0AFA1000917BD2 /* DataModel.swift */; };
		226D09601D06EB760097F996 /* AllListViewController.swift in Sources */ = {isa = PBXBuildFile; fileRef = 226D095F1D06EB760097F996 /* AllListViewController.swift */; };
		226D09621D073E790097F996 /* CheckItNow.swift in Sources */ = {isa = PBXBuildFile; fileRef = 226D09611D073E790097F996 /* CheckItNow.swift */; };
		226D0F791CFB7EA200A2EF37 /* CheckItNowItem.swift in Sources */ = {isa = PBXBuildFile; fileRef = 226D0F781CFB7EA200A2EF37 /* CheckItNowItem.swift */; };
		2277D9F41CF70A590089C729 /* AppDelegate.swift in Sources */ = {isa = PBXBuildFile; fileRef = 2277D9F31CF70A590089C729 /* AppDelegate.swift */; };
		2277D9F61CF70A590089C729 /* CheckItNowViewController.swift in Sources */ = {isa = PBXBuildFile; fileRef = 2277D9F51CF70A590089C729 /* CheckItNowViewController.swift */; };
		2277D9F91CF70A590089C729 /* Main.storyboard in Resources */ = {isa = PBXBuildFile; fileRef = 2277D9F71CF70A590089C729 /* Main.storyboard */; };
		2277D9FB1CF70A590089C729 /* Assets.xcassets in Resources */ = {isa = PBXBuildFile; fileRef = 2277D9FA1CF70A590089C729 /* Assets.xcassets */; };
/* End PBXBuildFile section */

/* Begin PBXFileReference section */
		2220F25C1D002A2D0051B72A /* ItemDetailViewController.swift */ = {isa = PBXFileReference; fileEncoding = 4; lastKnownFileType = sourcecode.swift; lineEnding = 0; path = ItemDetailViewController.swift; sourceTree = "<group>"; xcLanguageSpecificationIdentifier = xcode.lang.swift; };
		2259E4DC1D08052100904880 /* ListDetailViewController.swift */ = {isa = PBXFileReference; fileEncoding = 4; lastKnownFileType = sourcecode.swift; path = ListDetailViewController.swift; sourceTree = "<group>"; };
		225F70401D0F02E900EA660D /* IconPickerViewController.swift */ = {isa = PBXFileReference; fileEncoding = 4; lastKnownFileType = sourcecode.swift; path = IconPickerViewController.swift; sourceTree = "<group>"; };
		22690C8B1D0AFA1000917BD2 /* DataModel.swift */ = {isa = PBXFileReference; fileEncoding = 4; lastKnownFileType = sourcecode.swift; path = DataModel.swift; sourceTree = "<group>"; };
		226D095F1D06EB760097F996 /* AllListViewController.swift */ = {isa = PBXFileReference; fileEncoding = 4; lastKnownFileType = sourcecode.swift; path = AllListViewController.swift; sourceTree = "<group>"; };
		226D09611D073E790097F996 /* CheckItNow.swift */ = {isa = PBXFileReference; fileEncoding = 4; lastKnownFileType = sourcecode.swift; path = CheckItNow.swift; sourceTree = "<group>"; };
		226D0F781CFB7EA200A2EF37 /* CheckItNowItem.swift */ = {isa = PBXFileReference; fileEncoding = 4; lastKnownFileType = sourcecode.swift; path = CheckItNowItem.swift; sourceTree = SOURCE_ROOT; };
		2277D9F01CF70A590089C729 /* CheckItNow.app */ = {isa = PBXFileReference; explicitFileType = wrapper.application; includeInIndex = 0; path = CheckItNow.app; sourceTree = BUILT_PRODUCTS_DIR; };
		2277D9F31CF70A590089C729 /* AppDelegate.swift */ = {isa = PBXFileReference; lastKnownFileType = sourcecode.swift; path = AppDelegate.swift; sourceTree = "<group>"; };
		2277D9F51CF70A590089C729 /* CheckItNowViewController.swift */ = {isa = PBXFileReference; lastKnownFileType = sourcecode.swift; lineEnding = 0; path = CheckItNowViewController.swift; sourceTree = "<group>"; xcLanguageSpecificationIdentifier = xcode.lang.swift; };
		2277D9F81CF70A590089C729 /* Base */ = {isa = PBXFileReference; lastKnownFileType = file.storyboard; name = Base; path = Base.lproj/Main.storyboard; sourceTree = "<group>"; };
		2277D9FA1CF70A590089C729 /* Assets.xcassets */ = {isa = PBXFileReference; lastKnownFileType = folder.assetcatalog; path = Assets.xcassets; sourceTree = "<group>"; };
		2277D9FF1CF70A590089C729 /* Info.plist */ = {isa = PBXFileReference; lastKnownFileType = text.plist.xml; path = Info.plist; sourceTree = "<group>"; };
/* End PBXFileReference section */

/* Begin PBXFrameworksBuildPhase section */
		2277D9ED1CF70A590089C729 /* Frameworks */ = {
			isa = PBXFrameworksBuildPhase;
			buildActionMask = 2147483647;
			files = (
			);
			runOnlyForDeploymentPostprocessing = 0;
		};
/* End PBXFrameworksBuildPhase section */

/* Begin PBXGroup section */
		2277D9E71CF70A590089C729 = {
			isa = PBXGroup;
			children = (
				2277D9F21CF70A590089C729 /* CheckItNow */,
				2277D9F11CF70A590089C729 /* Products */,
			);
			sourceTree = "<group>";
		};
		2277D9F11CF70A590089C729 /* Products */ = {
			isa = PBXGroup;
			children = (
				2277D9F01CF70A590089C729 /* CheckItNow.app */,
			);
			name = Products;
			sourceTree = "<group>";
		};
		2277D9F21CF70A590089C729 /* CheckItNow */ = {
			isa = PBXGroup;
			children = (
				2277D9F31CF70A590089C729 /* AppDelegate.swift */,
				226D0F781CFB7EA200A2EF37 /* CheckItNowItem.swift */,
				225F70401D0F02E900EA660D /* IconPickerViewController.swift */,
				2277D9F51CF70A590089C729 /* CheckItNowViewController.swift */,
				2220F25C1D002A2D0051B72A /* ItemDetailViewController.swift */,
				226D095F1D06EB760097F996 /* AllListViewController.swift */,
				2259E4DC1D08052100904880 /* ListDetailViewController.swift */,
				226D09611D073E790097F996 /* CheckItNow.swift */,
				22690C8B1D0AFA1000917BD2 /* DataModel.swift */,
				2277D9F71CF70A590089C729 /* Main.storyboard */,
				2277D9FA1CF70A590089C729 /* Assets.xcassets */,
				2277D9FF1CF70A590089C729 /* Info.plist */,
			);
			path = CheckItNow;
			sourceTree = "<group>";
		};
/* End PBXGroup section */

/* Begin PBXNativeTarget section */
		2277D9EF1CF70A590089C729 /* CheckItNow */ = {
			isa = PBXNativeTarget;
			buildConfigurationList = 2277DA021CF70A590089C729 /* Build configuration list for PBXNativeTarget "CheckItNow" */;
			buildPhases = (
				2277D9EC1CF70A590089C729 /* Sources */,
				2277D9ED1CF70A590089C729 /* Frameworks */,
				2277D9EE1CF70A590089C729 /* Resources */,
			);
			buildRules = (
			);
			dependencies = (
			);
			name = CheckItNow;
			productName = CheckItNow;
			productReference = 2277D9F01CF70A590089C729 /* CheckItNow.app */;
			productType = "com.apple.product-type.application";
		};
/* End PBXNativeTarget section */

/* Begin PBXProject section */
		2277D9E81CF70A590089C729 /* Project object */ = {
			isa = PBXProject;
			attributes = {
				LastSwiftUpdateCheck = 0730;
				LastUpgradeCheck = 0730;
				ORGANIZATIONNAME = "Khrystenko Dmytro";
				TargetAttributes = {
					2277D9EF1CF70A590089C729 = {
						CreatedOnToolsVersion = 7.3.1;
						DevelopmentTeam = P38SB5DK8U;
					};
				};
			};
			buildConfigurationList = 2277D9EB1CF70A590089C729 /* Build configuration list for PBXProject "CheckItNow" */;
			compatibilityVersion = "Xcode 3.2";
			developmentRegion = English;
			hasScannedForEncodings = 0;
			knownRegions = (
				en,
				Base,
			);
			mainGroup = 2277D9E71CF70A590089C729;
			productRefGroup = 2277D9F11CF70A590089C729 /* Products */;
			projectDirPath = "";
			projectRoot = "";
			targets = (
				2277D9EF1CF70A590089C729 /* CheckItNow */,
			);
		};
/* End PBXProject section */

/* Begin PBXResourcesBuildPhase section */
		2277D9EE1CF70A590089C729 /* Resources */ = {
			isa = PBXResourcesBuildPhase;
			buildActionMask = 2147483647;
			files = (
				2277D9FB1CF70A590089C729 /* Assets.xcassets in Resources */,
				2277D9F91CF70A590089C729 /* Main.storyboard in Resources */,
			);
			runOnlyForDeploymentPostprocessing = 0;
		};
/* End PBXResourcesBuildPhase section */

/* Begin PBXSourcesBuildPhase section */
		2277D9EC1CF70A590089C729 /* Sources */ = {
			isa = PBXSourcesBuildPhase;
			buildActionMask = 2147483647;
			files = (
				2277D9F61CF70A590089C729 /* CheckItNowViewController.swift in Sources */,
				2259E4DD1D08052100904880 /* ListDetailViewController.swift in Sources */,
				2220F25D1D002A2D0051B72A /* ItemDetailViewController.swift in Sources */,
				225F70411D0F02E900EA660D /* IconPickerViewController.swift in Sources */,
				226D09601D06EB760097F996 /* AllListViewController.swift in Sources */,
				226D0F791CFB7EA200A2EF37 /* CheckItNowItem.swift in Sources */,
				22690C8C1D0AFA1000917BD2 /* DataModel.swift in Sources */,
				226D09621D073E790097F996 /* CheckItNow.swift in Sources */,
				2277D9F41CF70A590089C729 /* AppDelegate.swift in Sources */,
			);
			runOnlyForDeploymentPostprocessing = 0;
		};
/* End PBXSourcesBuildPhase section */

/* Begin PBXVariantGroup section */
		2277D9F71CF70A590089C729 /* Main.storyboard */ = {
			isa = PBXVariantGroup;
			children = (
				2277D9F81CF70A590089C729 /* Base */,
			);
			name = Main.storyboard;
			sourceTree = "<group>";
		};
/* End PBXVariantGroup section */

/* Begin XCBuildConfiguration section */
		2277DA001CF70A590089C729 /* Debug */ = {
			isa = XCBuildConfiguration;
			buildSettings = {
				ALWAYS_SEARCH_USER_PATHS = NO;
				CLANG_ANALYZER_NONNULL = YES;
				CLANG_CXX_LANGUAGE_STANDARD = "gnu++0x";
				CLANG_CXX_LIBRARY = "libc++";
				CLANG_ENABLE_MODULES = YES;
				CLANG_ENABLE_OBJC_ARC = YES;
				CLANG_WARN_BOOL_CONVERSION = YES;
				CLANG_WARN_CONSTANT_CONVERSION = YES;
				CLANG_WARN_DIRECT_OBJC_ISA_USAGE = YES_ERROR;
				CLANG_WARN_EMPTY_BODY = YES;
				CLANG_WARN_ENUM_CONVERSION = YES;
				CLANG_WARN_INT_CONVERSION = YES;
				CLANG_WARN_OBJC_ROOT_CLASS = YES_ERROR;
				CLANG_WARN_UNREACHABLE_CODE = YES;
				CLANG_WARN__DUPLICATE_METHOD_MATCH = YES;
				"CODE_SIGN_IDENTITY[sdk=iphoneos*]" = "iPhone Developer: frangipani86@bigmir.net (4LKCDS4E74)";
				COPY_PHASE_STRIP = NO;
				DEBUG_INFORMATION_FORMAT = dwarf;
				ENABLE_STRICT_OBJC_MSGSEND = YES;
				ENABLE_TESTABILITY = YES;
				GCC_C_LANGUAGE_STANDARD = gnu99;
				GCC_DYNAMIC_NO_PIC = NO;
				GCC_NO_COMMON_BLOCKS = YES;
				GCC_OPTIMIZATION_LEVEL = 0;
				GCC_PREPROCESSOR_DEFINITIONS = (
					"DEBUG=1",
					"$(inherited)",
				);
				GCC_WARN_64_TO_32_BIT_CONVERSION = YES;
				GCC_WARN_ABOUT_RETURN_TYPE = YES_ERROR;
				GCC_WARN_UNDECLARED_SELECTOR = YES;
				GCC_WARN_UNINITIALIZED_AUTOS = YES_AGGRESSIVE;
				GCC_WARN_UNUSED_FUNCTION = YES;
				GCC_WARN_UNUSED_VARIABLE = YES;
				IPHONEOS_DEPLOYMENT_TARGET = 9.3;
				MTL_ENABLE_DEBUG_INFO = YES;
				ONLY_ACTIVE_ARCH = YES;
				SDKROOT = iphoneos;
				SWIFT_OPTIMIZATION_LEVEL = "-Onone";
			};
			name = Debug;
		};
		2277DA011CF70A590089C729 /* Release */ = {
			isa = XCBuildConfiguration;
			buildSettings = {
				ALWAYS_SEARCH_USER_PATHS = NO;
				CLANG_ANALYZER_NONNULL = YES;
				CLANG_CXX_LANGUAGE_STANDARD = "gnu++0x";
				CLANG_CXX_LIBRARY = "libc++";
				CLANG_ENABLE_MODULES = YES;
				CLANG_ENABLE_OBJC_ARC = YES;
				CLANG_WARN_BOOL_CONVERSION = YES;
				CLANG_WARN_CONSTANT_CONVERSION = YES;
				CLANG_WARN_DIRECT_OBJC_ISA_USAGE = YES_ERROR;
				CLANG_WARN_EMPTY_BODY = YES;
				CLANG_WARN_ENUM_CONVERSION = YES;
				CLANG_WARN_INT_CONVERSION = YES;
				CLANG_WARN_OBJC_ROOT_CLASS = YES_ERROR;
				CLANG_WARN_UNREACHABLE_CODE = YES;
				CLANG_WARN__DUPLICATE_METHOD_MATCH = YES;
				"CODE_SIGN_IDENTITY[sdk=iphoneos*]" = "iPhone Distribution: Dmytro Khrystenko (P38SB5DK8U)";
				COPY_PHASE_STRIP = NO;
				DEBUG_INFORMATION_FORMAT = "dwarf-with-dsym";
				ENABLE_NS_ASSERTIONS = NO;
				ENABLE_STRICT_OBJC_MSGSEND = YES;
				GCC_C_LANGUAGE_STANDARD = gnu99;
				GCC_NO_COMMON_BLOCKS = YES;
				GCC_WARN_64_TO_32_BIT_CONVERSION = YES;
				GCC_WARN_ABOUT_RETURN_TYPE = YES_ERROR;
				GCC_WARN_UNDECLARED_SELECTOR = YES;
				GCC_WARN_UNINITIALIZED_AUTOS = YES_AGGRESSIVE;
				GCC_WARN_UNUSED_FUNCTION = YES;
				GCC_WARN_UNUSED_VARIABLE = YES;
				IPHONEOS_DEPLOYMENT_TARGET = 9.3;
				MTL_ENABLE_DEBUG_INFO = NO;
				SDKROOT = iphoneos;
				VALIDATE_PRODUCT = YES;
			};
			name = Release;
		};
		2277DA031CF70A590089C729 /* Debug */ = {
			isa = XCBuildConfiguration;
			buildSettings = {
				ASSETCATALOG_COMPILER_APPICON_NAME = AppIcon;
				CODE_SIGN_IDENTITY = "iPhone Developer";
				INFOPLIST_FILE = CheckItNow/Info.plist;
				IPHONEOS_DEPLOYMENT_TARGET = 8.0;
				LD_RUNPATH_SEARCH_PATHS = "$(inherited) @executable_path/Frameworks";
				PRODUCT_BUNDLE_IDENTIFIER = com.khrystenko.CheckItNow;
				PRODUCT_NAME = "$(TARGET_NAME)";
			};
			name = Debug;
		};
		2277DA041CF70A590089C729 /* Release */ = {
			isa = XCBuildConfiguration;
			buildSettings = {
				ASSETCATALOG_COMPILER_APPICON_NAME = AppIcon;
				CODE_SIGN_IDENTITY = "iPhone Developer";
				INFOPLIST_FILE = CheckItNow/Info.plist;
				IPHONEOS_DEPLOYMENT_TARGET = 8.0;
				LD_RUNPATH_SEARCH_PATHS = "$(inherited) @executable_path/Frameworks";
				PRODUCT_BUNDLE_IDENTIFIER = com.khrystenko.CheckItNow;
				PRODUCT_NAME = "$(TARGET_NAME)";
			};
			name = Release;
		};
/* End XCBuildConfiguration section */

/* Begin XCConfigurationList section */
		2277D9EB1CF70A590089C729 /* Build configuration list for PBXProject "CheckItNow" */ = {
			isa = XCConfigurationList;
			buildConfigurations = (
				2277DA001CF70A590089C729 /* Debug */,
				2277DA011CF70A590089C729 /* Release */,
			);
			defaultConfigurationIsVisible = 0;
			defaultConfigurationName = Release;
		};
		2277DA021CF70A590089C729 /* Build configuration list for PBXNativeTarget "CheckItNow" */ = {
			isa = XCConfigurationList;
			buildConfigurations = (
				2277DA031CF70A590089C729 /* Debug */,
				2277DA041CF70A590089C729 /* Release */,
			);
			defaultConfigurationIsVisible = 0;
			defaultConfigurationName = Release;
		};
/* End XCConfigurationList section */
	};
	rootObject = 2277D9E81CF70A590089C729 /* Project object */;
}
